
Microsoft Visual Studio Solution File, Format Version 12.00
Project("{2150E333-8FDC-42A3-9474-1A3956D46DE8}") = " ISolutionItems", " ISolutionItems", "{3CDFCFAF-1185-4CCD-98E5-FD3841C344F8}"
	ProjectSection(SolutionItems) = preProject
		..\Directory.Build.props = ..\Directory.Build.props
	EndProjectSection
EndProject
Project("{2150E333-8FDC-42A3-9474-1A3956D46DE8}") = "src", "src", "{7388ABD2-1C31-4D49-9D27-CF59FF4832AE}"
EndProject
Project("{FAE04EC0-301F-11D3-BF4B-00C04F79EFBC}") = "Efficio.Core", "Efficio.Core\Efficio.Core.csproj", "{29FC3682-6BED-40A9-AB27-745647458BDC}"
EndProject
Project("{FAE04EC0-301F-11D3-BF4B-00C04F79EFBC}") = "Efficio.Infrastructure", "Efficio.Infrastructure\Efficio.Infrastructure.csproj", "{A72E7AE7-8055-4E8F-942C-DB25758250E4}"
EndProject
Project("{FAE04EC0-301F-11D3-BF4B-00C04F79EFBC}") = "Efficio.API", "Efficio.API\Efficio.API.csproj", "{D2BC17EE-4561-46A5-92D2-646DF71A93F6}"
EndProject
Project("{FAE04EC0-301F-11D3-BF4B-00C04F79EFBC}") = "Efficio.Admin", "Efficio.Admin\Efficio.Admin.csproj", "{708989C3-FA18-4F42-AF39-63446C2DA4EB}"
EndProject
Global
	GlobalSection(SolutionConfigurationPlatforms) = preSolution
		Debug|Any CPU = Debug|Any CPU
		Release|Any CPU = Release|Any CPU
	EndGlobalSection
	GlobalSection(ProjectConfigurationPlatforms) = postSolution
		{29FC3682-6BED-40A9-AB27-745647458BDC}.Debug|Any CPU.ActiveCfg = Debug|Any CPU
		{29FC3682-6BED-40A9-AB27-745647458BDC}.Debug|Any CPU.Build.0 = Debug|Any CPU
		{29FC3682-6BED-40A9-AB27-745647458BDC}.Release|Any CPU.ActiveCfg = Release|Any CPU
		{29FC3682-6BED-40A9-AB27-745647458BDC}.Release|Any CPU.Build.0 = Release|Any CPU
		{A72E7AE7-8055-4E8F-942C-DB25758250E4}.Debug|Any CPU.ActiveCfg = Debug|Any CPU
		{A72E7AE7-8055-4E8F-942C-DB25758250E4}.Debug|Any CPU.Build.0 = Debug|Any CPU
		{A72E7AE7-8055-4E8F-942C-DB25758250E4}.Release|Any CPU.ActiveCfg = Release|Any CPU
		{A72E7AE7-8055-4E8F-942C-DB25758250E4}.Release|Any CPU.Build.0 = Release|Any CPU
		{D2BC17EE-4561-46A5-92D2-646DF71A93F6}.Debug|Any CPU.ActiveCfg = Debug|Any CPU
		{D2BC17EE-4561-46A5-92D2-646DF71A93F6}.Debug|Any CPU.Build.0 = Debug|Any CPU
		{D2BC17EE-4561-46A5-92D2-646DF71A93F6}.Release|Any CPU.ActiveCfg = Release|Any CPU
		{D2BC17EE-4561-46A5-92D2-646DF71A93F6}.Release|Any CPU.Build.0 = Release|Any CPU
		{708989C3-FA18-4F42-AF39-63446C2DA4EB}.Debug|Any CPU.ActiveCfg = Debug|Any CPU
		{708989C3-FA18-4F42-AF39-63446C2DA4EB}.Debug|Any CPU.Build.0 = Debug|Any CPU
		{708989C3-FA18-4F42-AF39-63446C2DA4EB}.Release|Any CPU.ActiveCfg = Release|Any CPU
		{708989C3-FA18-4F42-AF39-63446C2DA4EB}.Release|Any CPU.Build.0 = Release|Any CPU
	EndGlobalSection
	GlobalSection(NestedProjects) = preSolution
		{29FC3682-6BED-40A9-AB27-745647458BDC} = {7388ABD2-1C31-4D49-9D27-CF59FF4832AE}
		{A72E7AE7-8055-4E8F-942C-DB25758250E4} = {7388ABD2-1C31-4D49-9D27-CF59FF4832AE}
		{D2BC17EE-4561-46A5-92D2-646DF71A93F6} = {7388ABD2-1C31-4D49-9D27-CF59FF4832AE}
		{708989C3-FA18-4F42-AF39-63446C2DA4EB} = {7388ABD2-1C31-4D49-9D27-CF59FF4832AE}
	EndGlobalSection
EndGlobal
